
Microsoft Visual Studio Solution File, Format Version 12.00
# Visual Studio Version 16
VisualStudioVersion = 16.0.32407.337
MinimumVisualStudioVersion = 10.0.40219.1
Project("{FAE04EC0-301F-11D3-BF4B-00C04F79EFBC}") = "Lab5", "Lab5\Lab5.csproj", "{1032C213-94F8-4C5C-AFD6-6B3D1AB22CAF}"
EndProject
Global
	GlobalSection(SolutionConfigurationPlatforms) = preSolution
		Debug|Any CPU = Debug|Any CPU
		Release|Any CPU = Release|Any CPU
	EndGlobalSection
	GlobalSection(ProjectConfigurationPlatforms) = postSolution
		{1032C213-94F8-4C5C-AFD6-6B3D1AB22CAF}.Debug|Any CPU.ActiveCfg = Debug|Any CPU
		{1032C213-94F8-4C5C-AFD6-6B3D1AB22CAF}.Debug|Any CPU.Build.0 = Debug|Any CPU
		{1032C213-94F8-4C5C-AFD6-6B3D1AB22CAF}.Release|Any CPU.ActiveCfg = Release|Any CPU
		{1032C213-94F8-4C5C-AFD6-6B3D1AB22CAF}.Release|Any CPU.Build.0 = Release|Any CPU
	EndGlobalSection
	GlobalSection(SolutionProperties) = preSolution
		HideSolutionNode = FALSE
	EndGlobalSection
	GlobalSection(ExtensibilityGlobals) = postSolution
		SolutionGuid = {E283368D-5810-4A8D-87A0-E08EB2886CC8}
	EndGlobalSection
EndGlobal
